
Microsoft Visual Studio Solution File, Format Version 12.00
# Visual Studio Version 16
VisualStudioVersion = 16.0.28922.388
MinimumVisualStudioVersion = 10.0.40219.1
Project("{FAE04EC0-301F-11D3-BF4B-00C04F79EFBC}") = "PerAreaVolEthanL", "PerAreaVolEthanL\PerAreaVolEthanL.csproj", "{AFF332ED-D7D2-4FCA-B00E-65BA95465D3A}"
EndProject
Global
	GlobalSection(SolutionConfigurationPlatforms) = preSolution
		Debug|Any CPU = Debug|Any CPU
		Release|Any CPU = Release|Any CPU
	EndGlobalSection
	GlobalSection(ProjectConfigurationPlatforms) = postSolution
		{AFF332ED-D7D2-4FCA-B00E-65BA95465D3A}.Debug|Any CPU.ActiveCfg = Debug|Any CPU
		{AFF332ED-D7D2-4FCA-B00E-65BA95465D3A}.Debug|Any CPU.Build.0 = Debug|Any CPU
		{AFF332ED-D7D2-4FCA-B00E-65BA95465D3A}.Release|Any CPU.ActiveCfg = Release|Any CPU
		{AFF332ED-D7D2-4FCA-B00E-65BA95465D3A}.Release|Any CPU.Build.0 = Release|Any CPU
	EndGlobalSection
	GlobalSection(SolutionProperties) = preSolution
		HideSolutionNode = FALSE
	EndGlobalSection
	GlobalSection(ExtensibilityGlobals) = postSolution
		SolutionGuid = {C83462DF-2C65-47C5-BAC9-C0A934AF317E}
	EndGlobalSection
EndGlobal
